{
  "name": "aula04",
  "version": "1.0.0",
  "lockfileVersion": 3,
  "requires": true,
  "packages": {
    "": {
      "name": "aula04",
      "version": "1.0.0",
      "license": "ISC",
      "dependencies": {
        "bigdecimal": "^0.6.1"
      }
    },
    "node_modules/bigdecimal": {
      "version": "0.6.1",
      "resolved": "https://registry.npmjs.org/bigdecimal/-/bigdecimal-0.6.1.tgz",
      "integrity": "sha512-pFxbEwaZRK6XifePcw22DxJkCzCMw3YAossM884Tkvh9QpdWzFBLkgdnjx29yEickWBVYv1F9DdaDxDaF3dzkw==",
      "engines": [
        "node"
      ],
      "bin": {
        "bigdecimal.js": "repl.js"
      }
    }
  }
}
